
Microsoft Visual Studio Solution File, Format Version 12.00
# Visual Studio Version 17
VisualStudioVersion = 17.14.36811.4 d17.14
MinimumVisualStudioVersion = 10.0.40219.1
Project("{FAE04EC0-301F-11D3-BF4B-00C04F79EFBC}") = "LINQ.S01", "LINQ.S01\LINQ.S01.csproj", "{177710C0-3210-436F-8733-5C11A1168558}"
EndProject
Project("{FAE04EC0-301F-11D3-BF4B-00C04F79EFBC}") = "LINQ.S02", "LINQ.S02\LINQ.S02.csproj", "{7CEAFF0A-2879-44E6-952E-15EB3B53B386}"
EndProject
Global
	GlobalSection(SolutionConfigurationPlatforms) = preSolution
		Debug|Any CPU = Debug|Any CPU
		Release|Any CPU = Release|Any CPU
	EndGlobalSection
	GlobalSection(ProjectConfigurationPlatforms) = postSolution
		{177710C0-3210-436F-8733-5C11A1168558}.Debug|Any CPU.ActiveCfg = Debug|Any CPU
		{177710C0-3210-436F-8733-5C11A1168558}.Debug|Any CPU.Build.0 = Debug|Any CPU
		{177710C0-3210-436F-8733-5C11A1168558}.Release|Any CPU.ActiveCfg = Release|Any CPU
		{177710C0-3210-436F-8733-5C11A1168558}.Release|Any CPU.Build.0 = Release|Any CPU
		{7CEAFF0A-2879-44E6-952E-15EB3B53B386}.Debug|Any CPU.ActiveCfg = Debug|Any CPU
		{7CEAFF0A-2879-44E6-952E-15EB3B53B386}.Debug|Any CPU.Build.0 = Debug|Any CPU
		{7CEAFF0A-2879-44E6-952E-15EB3B53B386}.Release|Any CPU.ActiveCfg = Release|Any CPU
		{7CEAFF0A-2879-44E6-952E-15EB3B53B386}.Release|Any CPU.Build.0 = Release|Any CPU
	EndGlobalSection
	GlobalSection(SolutionProperties) = preSolution
		HideSolutionNode = FALSE
	EndGlobalSection
	GlobalSection(ExtensibilityGlobals) = postSolution
		SolutionGuid = {48700EDC-E75A-4921-B5C2-09AECB60AF7F}
	EndGlobalSection
EndGlobal
